Microsoft Visual Studio Solution File, Format Version 12.00
# Visual Studio Version 17
VisualStudioVersion = 17.5.2.0
MinimumVisualStudioVersion = 10.0.40219.1
Project("{FAE04EC0-301F-11D3-BF4B-00C04F79EFBC}") = "PantheonPlugin", "PantheonPlugin.csproj", "{21A6D953-4576-B76A-F0BB-09A758B04761}"
EndProject
Global
	GlobalSection(SolutionConfigurationPlatforms) = preSolution
		Debug|Any CPU = Debug|Any CPU
		Release|Any CPU = Release|Any CPU
	EndGlobalSection
	GlobalSection(ProjectConfigurationPlatforms) = postSolution
		{21A6D953-4576-B76A-F0BB-09A758B04761}.Debug|Any CPU.ActiveCfg = Debug|Any CPU
		{21A6D953-4576-B76A-F0BB-09A758B04761}.Debug|Any CPU.Build.0 = Debug|Any CPU
		{21A6D953-4576-B76A-F0BB-09A758B04761}.Release|Any CPU.ActiveCfg = Release|Any CPU
		{21A6D953-4576-B76A-F0BB-09A758B04761}.Release|Any CPU.Build.0 = Release|Any CPU
	EndGlobalSection
	GlobalSection(SolutionProperties) = preSolution
		HideSolutionNode = FALSE
	EndGlobalSection
	GlobalSection(ExtensibilityGlobals) = postSolution
		SolutionGuid = {DFBD02CF-8CB2-4487-92FB-4B958C46A635}
	EndGlobalSection
EndGlobal
